// !$*UTF8*$!
{
	archiveVersion = 1;
	classes = {
	};
	objectVersion = 46;
	objects = {

/* Begin PBXBuildFile section */
		079843951DD6B6E8004261B2 /* AppDelegate.swift in Sources */ = {isa = PBXBuildFile; fileRef = 079843941DD6B6E8004261B2 /* AppDelegate.swift */; };
		0798439A1DD6B6E8004261B2 /* Main.storyboard in Resources */ = {isa = PBXBuildFile; fileRef = 079843981DD6B6E8004261B2 /* Main.storyboard */; };
		0798439C1DD6B6E8004261B2 /* Assets.xcassets in Resources */ = {isa = PBXBuildFile; fileRef = 0798439B1DD6B6E8004261B2 /* Assets.xcassets */; };
		0798439F1DD6B6E8004261B2 /* LaunchScreen.storyboard in Resources */ = {isa = PBXBuildFile; fileRef = 0798439D1DD6B6E8004261B2 /* LaunchScreen.storyboard */; };
		079843AA1DD6B6E8004261B2 /* NaliUITests.swift in Sources */ = {isa = PBXBuildFile; fileRef = 079843A91DD6B6E8004261B2 /* NaliUITests.swift */; };
		07A384E81DD7613300F62FBF /* FriendCellTableViewCell.swift in Sources */ = {isa = PBXBuildFile; fileRef = 07A384E61DD7613300F62FBF /* FriendCellTableViewCell.swift */; };
		07A384E91DD7613300F62FBF /* FriendsListController.swift in Sources */ = {isa = PBXBuildFile; fileRef = 07A384E71DD7613300F62FBF /* FriendsListController.swift */; };
		07A384EB1DD7700B00F62FBF /* Model.swift in Sources */ = {isa = PBXBuildFile; fileRef = 07A384EA1DD7700B00F62FBF /* Model.swift */; };
		07A384F81DD7BA0F00F62FBF /* NetworkInterface.swift in Sources */ = {isa = PBXBuildFile; fileRef = 07A384F71DD7BA0F00F62FBF /* NetworkInterface.swift */; };
		07A385051DD7BB9B00F62FBF /* Alamofire.framework in Frameworks */ = {isa = PBXBuildFile; fileRef = 07A385031DD7BB5000F62FBF /* Alamofire.framework */; };
		07A385061DD7BC5B00F62FBF /* Alamofire.framework in Frameworks */ = {isa = PBXBuildFile; fileRef = 07A385031DD7BB5000F62FBF /* Alamofire.framework */; };
		07A385071DD7BC5B00F62FBF /* Alamofire.framework in Embed Frameworks */ = {isa = PBXBuildFile; fileRef = 07A385031DD7BB5000F62FBF /* Alamofire.framework */; settings = {ATTRIBUTES = (CodeSignOnCopy, RemoveHeadersOnCopy, ); }; };
		07A3850B1DD7C9EF00F62FBF /* AddContactVC.swift in Sources */ = {isa = PBXBuildFile; fileRef = 07A3850A1DD7C9EF00F62FBF /* AddContactVC.swift */; };
		07FED77A1DD6C23500E424E7 /* MainViewController.swift in Sources */ = {isa = PBXBuildFile; fileRef = 07FED7791DD6C23500E424E7 /* MainViewController.swift */; };
		07FED77C1DD6C24500E424E7 /* CompassViewController.swift in Sources */ = {isa = PBXBuildFile; fileRef = 07FED77B1DD6C24500E424E7 /* CompassViewController.swift */; };
		4311E6EF1DD8130700DD8D98 /* MapViewController.swift in Sources */ = {isa = PBXBuildFile; fileRef = 4311E6EE1DD8130700DD8D98 /* MapViewController.swift */; };
		434DB2F61DD6C90C000CB7B5 /* CoreLocation.framework in Frameworks */ = {isa = PBXBuildFile; fileRef = 434DB2F51DD6C90C000CB7B5 /* CoreLocation.framework */; };
/* End PBXBuildFile section */

/* Begin PBXContainerItemProxy section */
		079843A61DD6B6E8004261B2 /* PBXContainerItemProxy */ = {
			isa = PBXContainerItemProxy;
			containerPortal = 079843891DD6B6E8004261B2 /* Project object */;
			proxyType = 1;
			remoteGlobalIDString = 079843901DD6B6E8004261B2;
			remoteInfo = Nali;
		};
/* End PBXContainerItemProxy section */

/* Begin PBXCopyFilesBuildPhase section */
		07A385001DD7BAFB00F62FBF /* Embed Frameworks */ = {
			isa = PBXCopyFilesBuildPhase;
			buildActionMask = 2147483647;
			dstPath = "";
			dstSubfolderSpec = 10;
			files = (
				07A385071DD7BC5B00F62FBF /* Alamofire.framework in Embed Frameworks */,
			);
			name = "Embed Frameworks";
			runOnlyForDeploymentPostprocessing = 0;
		};
/* End PBXCopyFilesBuildPhase section */

/* Begin PBXFileReference section */
		079843911DD6B6E8004261B2 /* Nali.app */ = {isa = PBXFileReference; explicitFileType = wrapper.application; includeInIndex = 0; path = Nali.app; sourceTree = BUILT_PRODUCTS_DIR; };
		079843941DD6B6E8004261B2 /* AppDelegate.swift */ = {isa = PBXFileReference; lastKnownFileType = sourcecode.swift; path = AppDelegate.swift; sourceTree = "<group>"; };
		079843991DD6B6E8004261B2 /* Base */ = {isa = PBXFileReference; lastKnownFileType = file.storyboard; name = Base; path = Base.lproj/Main.storyboard; sourceTree = "<group>"; };
		0798439B1DD6B6E8004261B2 /* Assets.xcassets */ = {isa = PBXFileReference; lastKnownFileType = folder.assetcatalog; path = Assets.xcassets; sourceTree = "<group>"; };
		0798439E1DD6B6E8004261B2 /* Base */ = {isa = PBXFileReference; lastKnownFileType = file.storyboard; name = Base; path = Base.lproj/LaunchScreen.storyboard; sourceTree = "<group>"; };
		079843A01DD6B6E8004261B2 /* Info.plist */ = {isa = PBXFileReference; lastKnownFileType = text.plist.xml; path = Info.plist; sourceTree = "<group>"; };
		079843A51DD6B6E8004261B2 /* NaliUITests.xctest */ = {isa = PBXFileReference; explicitFileType = wrapper.cfbundle; includeInIndex = 0; path = NaliUITests.xctest; sourceTree = BUILT_PRODUCTS_DIR; };
		079843A91DD6B6E8004261B2 /* NaliUITests.swift */ = {isa = PBXFileReference; lastKnownFileType = sourcecode.swift; path = NaliUITests.swift; sourceTree = "<group>"; };
		079843AB1DD6B6E8004261B2 /* Info.plist */ = {isa = PBXFileReference; lastKnownFileType = text.plist.xml; path = Info.plist; sourceTree = "<group>"; };
		07A384E61DD7613300F62FBF /* FriendCellTableViewCell.swift */ = {isa = PBXFileReference; fileEncoding = 4; lastKnownFileType = sourcecode.swift; name = FriendCellTableViewCell.swift; path = Nali/FriendCellTableViewCell.swift; sourceTree = "<group>"; };
		07A384E71DD7613300F62FBF /* FriendsListController.swift */ = {isa = PBXFileReference; fileEncoding = 4; lastKnownFileType = sourcecode.swift; name = FriendsListController.swift; path = Nali/FriendsListController.swift; sourceTree = "<group>"; };
		07A384EA1DD7700B00F62FBF /* Model.swift */ = {isa = PBXFileReference; fileEncoding = 4; lastKnownFileType = sourcecode.swift; path = Model.swift; sourceTree = "<group>"; };
		07A384F71DD7BA0F00F62FBF /* NetworkInterface.swift */ = {isa = PBXFileReference; fileEncoding = 4; lastKnownFileType = sourcecode.swift; path = NetworkInterface.swift; sourceTree = "<group>"; };
		07A385031DD7BB5000F62FBF /* Alamofire.framework */ = {isa = PBXFileReference; lastKnownFileType = wrapper.framework; name = Alamofire.framework; path = Nali/Alamofire.framework; sourceTree = "<group>"; };
		07A3850A1DD7C9EF00F62FBF /* AddContactVC.swift */ = {isa = PBXFileReference; fileEncoding = 4; lastKnownFileType = sourcecode.swift; name = AddContactVC.swift; path = ../AddContactVC.swift; sourceTree = "<group>"; };
		07FED7791DD6C23500E424E7 /* MainViewController.swift */ = {isa = PBXFileReference; fileEncoding = 4; lastKnownFileType = sourcecode.swift; name = MainViewController.swift; path = Nali/MainViewController.swift; sourceTree = "<group>"; };
		07FED77B1DD6C24500E424E7 /* CompassViewController.swift */ = {isa = PBXFileReference; fileEncoding = 4; lastKnownFileType = sourcecode.swift; path = CompassViewController.swift; sourceTree = "<group>"; };
		4311E6EE1DD8130700DD8D98 /* MapViewController.swift */ = {isa = PBXFileReference; fileEncoding = 4; lastKnownFileType = sourcecode.swift; path = MapViewController.swift; sourceTree = "<group>"; };
		434DB2F51DD6C90C000CB7B5 /* CoreLocation.framework */ = {isa = PBXFileReference; lastKnownFileType = wrapper.framework; name = CoreLocation.framework; path = System/Library/Frameworks/CoreLocation.framework; sourceTree = SDKROOT; };
/* End PBXFileReference section */

/* Begin PBXFrameworksBuildPhase section */
		0798438E1DD6B6E8004261B2 /* Frameworks */ = {
			isa = PBXFrameworksBuildPhase;
			buildActionMask = 2147483647;
			files = (
				07A385051DD7BB9B00F62FBF /* Alamofire.framework in Frameworks */,
				07A385061DD7BC5B00F62FBF /* Alamofire.framework in Frameworks */,
				434DB2F61DD6C90C000CB7B5 /* CoreLocation.framework in Frameworks */,
			);
			runOnlyForDeploymentPostprocessing = 0;
		};
		079843A21DD6B6E8004261B2 /* Frameworks */ = {
			isa = PBXFrameworksBuildPhase;
			buildActionMask = 2147483647;
			files = (
			);
			runOnlyForDeploymentPostprocessing = 0;
		};
/* End PBXFrameworksBuildPhase section */

/* Begin PBXGroup section */
		079843881DD6B6E7004261B2 = {
			isa = PBXGroup;
			children = (
				079843931DD6B6E8004261B2 /* Nali */,
				079843A81DD6B6E8004261B2 /* NaliUITests */,
				079843921DD6B6E8004261B2 /* Products */,
				434DB2F41DD6C90C000CB7B5 /* Frameworks */,
			);
			sourceTree = "<group>";
		};
		079843921DD6B6E8004261B2 /* Products */ = {
			isa = PBXGroup;
			children = (
				079843911DD6B6E8004261B2 /* Nali.app */,
				079843A51DD6B6E8004261B2 /* NaliUITests.xctest */,
			);
			name = Products;
			sourceTree = "<group>";
		};
		079843931DD6B6E8004261B2 /* Nali */ = {
			isa = PBXGroup;
			children = (
				07A384E51DD7610200F62FBF /* mainScreen */,
				079843941DD6B6E8004261B2 /* AppDelegate.swift */,
				07FED77B1DD6C24500E424E7 /* CompassViewController.swift */,
				4311E6EE1DD8130700DD8D98 /* MapViewController.swift */,
				07A3850A1DD7C9EF00F62FBF /* AddContactVC.swift */,
				07A384EA1DD7700B00F62FBF /* Model.swift */,
				079843981DD6B6E8004261B2 /* Main.storyboard */,
				0798439D1DD6B6E8004261B2 /* LaunchScreen.storyboard */,
				079843A01DD6B6E8004261B2 /* Info.plist */,
				0798439B1DD6B6E8004261B2 /* Assets.xcassets */,
				07A384F71DD7BA0F00F62FBF /* NetworkInterface.swift */,
			);
			path = Nali;
			sourceTree = "<group>";
		};
		079843A81DD6B6E8004261B2 /* NaliUITests */ = {
			isa = PBXGroup;
			children = (
				079843A91DD6B6E8004261B2 /* NaliUITests.swift */,
				079843AB1DD6B6E8004261B2 /* Info.plist */,
			);
			path = NaliUITests;
			sourceTree = "<group>";
		};
		07A384E51DD7610200F62FBF /* mainScreen */ = {
			isa = PBXGroup;
			children = (
				07A384E61DD7613300F62FBF /* FriendCellTableViewCell.swift */,
				07A384E71DD7613300F62FBF /* FriendsListController.swift */,
				07FED7791DD6C23500E424E7 /* MainViewController.swift */,
			);
			name = mainScreen;
			path = ..;
			sourceTree = "<group>";
		};
		434DB2F41DD6C90C000CB7B5 /* Frameworks */ = {
			isa = PBXGroup;
			children = (
				07A385031DD7BB5000F62FBF /* Alamofire.framework */,
				434DB2F51DD6C90C000CB7B5 /* CoreLocation.framework */,
			);
			name = Frameworks;
			sourceTree = "<group>";
		};
/* End PBXGroup section */

/* Begin PBXNativeTarget section */
		079843901DD6B6E8004261B2 /* Nali */ = {
			isa = PBXNativeTarget;
			buildConfigurationList = 079843AE1DD6B6E8004261B2 /* Build configuration list for PBXNativeTarget "Nali" */;
			buildPhases = (
				0798438D1DD6B6E8004261B2 /* Sources */,
				0798438E1DD6B6E8004261B2 /* Frameworks */,
				0798438F1DD6B6E8004261B2 /* Resources */,
				07A385001DD7BAFB00F62FBF /* Embed Frameworks */,
			);
			buildRules = (
			);
			dependencies = (
			);
			name = Nali;
			productName = Nali;
			productReference = 079843911DD6B6E8004261B2 /* Nali.app */;
			productType = "com.apple.product-type.application";
		};
		079843A41DD6B6E8004261B2 /* NaliUITests */ = {
			isa = PBXNativeTarget;
			buildConfigurationList = 079843B11DD6B6E8004261B2 /* Build configuration list for PBXNativeTarget "NaliUITests" */;
			buildPhases = (
				079843A11DD6B6E8004261B2 /* Sources */,
				079843A21DD6B6E8004261B2 /* Frameworks */,
				079843A31DD6B6E8004261B2 /* Resources */,
			);
			buildRules = (
			);
			dependencies = (
				079843A71DD6B6E8004261B2 /* PBXTargetDependency */,
			);
			name = NaliUITests;
			productName = NaliUITests;
			productReference = 079843A51DD6B6E8004261B2 /* NaliUITests.xctest */;
			productType = "com.apple.product-type.bundle.ui-testing";
		};
/* End PBXNativeTarget section */

/* Begin PBXProject section */
		079843891DD6B6E8004261B2 /* Project object */ = {
			isa = PBXProject;
			attributes = {
				LastSwiftUpdateCheck = 0810;
				LastUpgradeCheck = 0810;
				ORGANIZATIONNAME = parchican;
				TargetAttributes = {
					079843901DD6B6E8004261B2 = {
						CreatedOnToolsVersion = 8.1;
						ProvisioningStyle = Automatic;
					};
					079843A41DD6B6E8004261B2 = {
						CreatedOnToolsVersion = 8.1;
						ProvisioningStyle = Automatic;
						TestTargetID = 079843901DD6B6E8004261B2;
					};
				};
			};
			buildConfigurationList = 0798438C1DD6B6E8004261B2 /* Build configuration list for PBXProject "Nali" */;
			compatibilityVersion = "Xcode 3.2";
			developmentRegion = English;
			hasScannedForEncodings = 0;
			knownRegions = (
				en,
				Base,
			);
			mainGroup = 079843881DD6B6E7004261B2;
			productRefGroup = 079843921DD6B6E8004261B2 /* Products */;
			projectDirPath = "";
			projectRoot = "";
			targets = (
				079843901DD6B6E8004261B2 /* Nali */,
				079843A41DD6B6E8004261B2 /* NaliUITests */,
			);
		};
/* End PBXProject section */

/* Begin PBXResourcesBuildPhase section */
		0798438F1DD6B6E8004261B2 /* Resources */ = {
			isa = PBXResourcesBuildPhase;
			buildActionMask = 2147483647;
			files = (
				0798439F1DD6B6E8004261B2 /* LaunchScreen.storyboard in Resources */,
				0798439C1DD6B6E8004261B2 /* Assets.xcassets in Resources */,
				0798439A1DD6B6E8004261B2 /* Main.storyboard in Resources */,
			);
			runOnlyForDeploymentPostprocessing = 0;
		};
		079843A31DD6B6E8004261B2 /* Resources */ = {
			isa = PBXResourcesBuildPhase;
			buildActionMask = 2147483647;
			files = (
			);
			runOnlyForDeploymentPostprocessing = 0;
		};
/* End PBXResourcesBuildPhase section */

/* Begin PBXSourcesBuildPhase section */
		0798438D1DD6B6E8004261B2 /* Sources */ = {
			isa = PBXSourcesBuildPhase;
			buildActionMask = 2147483647;
			files = (
				07A384EB1DD7700B00F62FBF /* Model.swift in Sources */,
				07A3850B1DD7C9EF00F62FBF /* AddContactVC.swift in Sources */,
				07FED77A1DD6C23500E424E7 /* MainViewController.swift in Sources */,
				07A384E81DD7613300F62FBF /* FriendCellTableViewCell.swift in Sources */,
				4311E6EF1DD8130700DD8D98 /* MapViewController.swift in Sources */,
				07A384F81DD7BA0F00F62FBF /* NetworkInterface.swift in Sources */,
				07A384E91DD7613300F62FBF /* FriendsListController.swift in Sources */,
				079843951DD6B6E8004261B2 /* AppDelegate.swift in Sources */,
				07FED77C1DD6C24500E424E7 /* CompassViewController.swift in Sources */,
			);
			runOnlyForDeploymentPostprocessing = 0;
		};
		079843A11DD6B6E8004261B2 /* Sources */ = {
			isa = PBXSourcesBuildPhase;
			buildActionMask = 2147483647;
			files = (
				079843AA1DD6B6E8004261B2 /* NaliUITests.swift in Sources */,
			);
			runOnlyForDeploymentPostprocessing = 0;
		};
/* End PBXSourcesBuildPhase section */

/* Begin PBXTargetDependency section */
		079843A71DD6B6E8004261B2 /* PBXTargetDependency */ = {
			isa = PBXTargetDependency;
			target = 079843901DD6B6E8004261B2 /* Nali */;
			targetProxy = 079843A61DD6B6E8004261B2 /* PBXContainerItemProxy */;
		};
/* End PBXTargetDependency section */

/* Begin PBXVariantGroup section */
		079843981DD6B6E8004261B2 /* Main.storyboard */ = {
			isa = PBXVariantGroup;
			children = (
				079843991DD6B6E8004261B2 /* Base */,
			);
			name = Main.storyboard;
			sourceTree = "<group>";
		};
		0798439D1DD6B6E8004261B2 /* LaunchScreen.storyboard */ = {
			isa = PBXVariantGroup;
			children = (
				0798439E1DD6B6E8004261B2 /* Base */,
			);
			name = LaunchScreen.storyboard;
			sourceTree = "<group>";
		};
/* End PBXVariantGroup section */

/* Begin XCBuildConfiguration section */
		079843AC1DD6B6E8004261B2 /* Debug */ = {
			isa = XCBuildConfiguration;
			buildSettings = {
				ALWAYS_SEARCH_USER_PATHS = NO;
				CLANG_ANALYZER_NONNULL = YES;
				CLANG_CXX_LANGUAGE_STANDARD = "gnu++0x";
				CLANG_CXX_LIBRARY = "libc++";
				CLANG_ENABLE_MODULES = YES;
				CLANG_ENABLE_OBJC_ARC = YES;
				CLANG_WARN_BOOL_CONVERSION = YES;
				CLANG_WARN_CONSTANT_CONVERSION = YES;
				CLANG_WARN_DIRECT_OBJC_ISA_USAGE = YES_ERROR;
				CLANG_WARN_DOCUMENTATION_COMMENTS = YES;
				CLANG_WARN_EMPTY_BODY = YES;
				CLANG_WARN_ENUM_CONVERSION = YES;
				CLANG_WARN_INFINITE_RECURSION = YES;
				CLANG_WARN_INT_CONVERSION = YES;
				CLANG_WARN_OBJC_ROOT_CLASS = YES_ERROR;
				CLANG_WARN_SUSPICIOUS_MOVES = YES;
				CLANG_WARN_UNREACHABLE_CODE = YES;
				CLANG_WARN__DUPLICATE_METHOD_MATCH = YES;
				"CODE_SIGN_IDENTITY[sdk=iphoneos*]" = "iPhone Developer";
				COPY_PHASE_STRIP = NO;
				DEBUG_INFORMATION_FORMAT = dwarf;
				ENABLE_STRICT_OBJC_MSGSEND = YES;
				ENABLE_TESTABILITY = YES;
				GCC_C_LANGUAGE_STANDARD = gnu99;
				GCC_DYNAMIC_NO_PIC = NO;
				GCC_NO_COMMON_BLOCKS = YES;
				GCC_OPTIMIZATION_LEVEL = 0;
				GCC_PREPROCESSOR_DEFINITIONS = (
					"DEBUG=1",
					"$(inherited)",
				);
				GCC_WARN_64_TO_32_BIT_CONVERSION = YES;
				GCC_WARN_ABOUT_RETURN_TYPE = YES_ERROR;
				GCC_WARN_UNDECLARED_SELECTOR = YES;
				GCC_WARN_UNINITIALIZED_AUTOS = YES_AGGRESSIVE;
				GCC_WARN_UNUSED_FUNCTION = YES;
				GCC_WARN_UNUSED_VARIABLE = YES;
				IPHONEOS_DEPLOYMENT_TARGET = 10.1;
				MTL_ENABLE_DEBUG_INFO = YES;
				ONLY_ACTIVE_ARCH = YES;
				SDKROOT = iphoneos;
				SWIFT_ACTIVE_COMPILATION_CONDITIONS = DEBUG;
				SWIFT_OPTIMIZATION_LEVEL = "-Onone";
			};
			name = Debug;
		};
		079843AD1DD6B6E8004261B2 /* Release */ = {
			isa = XCBuildConfiguration;
			buildSettings = {
				ALWAYS_SEARCH_USER_PATHS = NO;
				CLANG_ANALYZER_NONNULL = YES;
				CLANG_CXX_LANGUAGE_STANDARD = "gnu++0x";
				CLANG_CXX_LIBRARY = "libc++";
				CLANG_ENABLE_MODULES = YES;
				CLANG_ENABLE_OBJC_ARC = YES;
				CLANG_WARN_BOOL_CONVERSION = YES;
				CLANG_WARN_CONSTANT_CONVERSION = YES;
				CLANG_WARN_DIRECT_OBJC_ISA_USAGE = YES_ERROR;
				CLANG_WARN_DOCUMENTATION_COMMENTS = YES;
				CLANG_WARN_EMPTY_BODY = YES;
				CLANG_WARN_ENUM_CONVERSION = YES;
				CLANG_WARN_INFINITE_RECURSION = YES;
				CLANG_WARN_INT_CONVERSION = YES;
				CLANG_WARN_OBJC_ROOT_CLASS = YES_ERROR;
				CLANG_WARN_SUSPICIOUS_MOVES = YES;
				CLANG_WARN_UNREACHABLE_CODE = YES;
				CLANG_WARN__DUPLICATE_METHOD_MATCH = YES;
				"CODE_SIGN_IDENTITY[sdk=iphoneos*]" = "iPhone Developer";
				COPY_PHASE_STRIP = NO;
				DEBUG_INFORMATION_FORMAT = "dwarf-with-dsym";
				ENABLE_NS_ASSERTIONS = NO;
				ENABLE_STRICT_OBJC_MSGSEND = YES;
				GCC_C_LANGUAGE_STANDARD = gnu99;
				GCC_NO_COMMON_BLOCKS = YES;
				GCC_WARN_64_TO_32_BIT_CONVERSION = YES;
				GCC_WARN_ABOUT_RETURN_TYPE = YES_ERROR;
				GCC_WARN_UNDECLARED_SELECTOR = YES;
				GCC_WARN_UNINITIALIZED_AUTOS = YES_AGGRESSIVE;
				GCC_WARN_UNUSED_FUNCTION = YES;
				GCC_WARN_UNUSED_VARIABLE = YES;
				IPHONEOS_DEPLOYMENT_TARGET = 10.1;
				MTL_ENABLE_DEBUG_INFO = NO;
				SDKROOT = iphoneos;
				SWIFT_OPTIMIZATION_LEVEL = "-Owholemodule";
				VALIDATE_PRODUCT = YES;
			};
			name = Release;
		};
		079843AF1DD6B6E8004261B2 /* Debug */ = {
			isa = XCBuildConfiguration;
			buildSettings = {
				ASSETCATALOG_COMPILER_APPICON_NAME = AppIcon;
				FRAMEWORK_SEARCH_PATHS = (
					"$(inherited)",
					"$(PROJECT_DIR)/Nali",
				);
				INFOPLIST_FILE = Nali/Info.plist;
				LD_RUNPATH_SEARCH_PATHS = "$(inherited) @executable_path/Frameworks";
				PRODUCT_BUNDLE_IDENTIFIER = parchican.Nali;
				PRODUCT_NAME = "$(TARGET_NAME)";
				SWIFT_VERSION = 3.0;
			};
			name = Debug;
		};
		079843B01DD6B6E8004261B2 /* Release */ = {
			isa = XCBuildConfiguration;
			buildSettings = {
				ASSETCATALOG_COMPILER_APPICON_NAME = AppIcon;
				FRAMEWORK_SEARCH_PATHS = (
					"$(inherited)",
					"$(PROJECT_DIR)/Nali",
				);
				INFOPLIST_FILE = Nali/Info.plist;
				LD_RUNPATH_SEARCH_PATHS = "$(inherited) @executable_path/Frameworks";
				PRODUCT_BUNDLE_IDENTIFIER = parchican.Nali;
				PRODUCT_NAME = "$(TARGET_NAME)";
				SWIFT_VERSION = 3.0;
			};
			name = Release;
		};
		079843B21DD6B6E8004261B2 /* Debug */ = {
			isa = XCBuildConfiguration;
			buildSettings = {
				ALWAYS_EMBED_SWIFT_STANDARD_LIBRARIES = YES;
				INFOPLIST_FILE = NaliUITests/Info.plist;
				LD_RUNPATH_SEARCH_PATHS = "$(inherited) @executable_path/Frameworks @loader_path/Frameworks";
				PRODUCT_BUNDLE_IDENTIFIER = parchican.NaliUITests;
				PRODUCT_NAME = "$(TARGET_NAME)";
				SWIFT_VERSION = 3.0;
				TEST_TARGET_NAME = Nali;
			};
			name = Debug;
		};
		079843B31DD6B6E8004261B2 /* Release */ = {
			isa = XCBuildConfiguration;
			buildSettings = {
				ALWAYS_EMBED_SWIFT_STANDARD_LIBRARIES = YES;
				INFOPLIST_FILE = NaliUITests/Info.plist;
				LD_RUNPATH_SEARCH_PATHS = "$(inherited) @executable_path/Frameworks @loader_path/Frameworks";
				PRODUCT_BUNDLE_IDENTIFIER = parchican.NaliUITests;
				PRODUCT_NAME = "$(TARGET_NAME)";
				SWIFT_VERSION = 3.0;
				TEST_TARGET_NAME = Nali;
			};
			name = Release;
		};
/* End XCBuildConfiguration section */

/* Begin XCConfigurationList section */
		0798438C1DD6B6E8004261B2 /* Build configuration list for PBXProject "Nali" */ = {
			isa = XCConfigurationList;
			buildConfigurations = (
				079843AC1DD6B6E8004261B2 /* Debug */,
				079843AD1DD6B6E8004261B2 /* Release */,
			);
			defaultConfigurationIsVisible = 0;
			defaultConfigurationName = Release;
		};
		079843AE1DD6B6E8004261B2 /* Build configuration list for PBXNativeTarget "Nali" */ = {
			isa = XCConfigurationList;
			buildConfigurations = (
				079843AF1DD6B6E8004261B2 /* Debug */,
				079843B01DD6B6E8004261B2 /* Release */,
			);
			defaultConfigurationIsVisible = 0;
			defaultConfigurationName = Release;
		};
		079843B11DD6B6E8004261B2 /* Build configuration list for PBXNativeTarget "NaliUITests" */ = {
			isa = XCConfigurationList;
			buildConfigurations = (
				079843B21DD6B6E8004261B2 /* Debug */,
				079843B31DD6B6E8004261B2 /* Release */,
			);
			defaultConfigurationIsVisible = 0;
			defaultConfigurationName = Release;
		};
/* End XCConfigurationList section */
	};
	rootObject = 079843891DD6B6E8004261B2 /* Project object */;
}
